// !$*UTF8*$!
{
	archiveVersion = 1;
	classes = {
	};
	objectVersion = 46;
	objects = {

/* Begin PBXBuildFile section */
		772248881E7C1033008AB9E9 /* main.m in Sources */ = {isa = PBXBuildFile; fileRef = 772248871E7C1033008AB9E9 /* main.m */; };
		7722488B1E7C1033008AB9E9 /* AppDelegate.m in Sources */ = {isa = PBXBuildFile; fileRef = 7722488A1E7C1033008AB9E9 /* AppDelegate.m */; };
		7722488E1E7C1033008AB9E9 /* ViewController.m in Sources */ = {isa = PBXBuildFile; fileRef = 7722488D1E7C1033008AB9E9 /* ViewController.m */; };
		772248911E7C1033008AB9E9 /* Main.storyboard in Resources */ = {isa = PBXBuildFile; fileRef = 7722488F1E7C1033008AB9E9 /* Main.storyboard */; };
		772248941E7C1033008AB9E9 /* YMZP.xcdatamodeld in Sources */ = {isa = PBXBuildFile; fileRef = 772248921E7C1033008AB9E9 /* YMZP.xcdatamodeld */; };
		772248961E7C1033008AB9E9 /* Assets.xcassets in Resources */ = {isa = PBXBuildFile; fileRef = 772248951E7C1033008AB9E9 /* Assets.xcassets */; };
		772248991E7C1033008AB9E9 /* LaunchScreen.storyboard in Resources */ = {isa = PBXBuildFile; fileRef = 772248971E7C1033008AB9E9 /* LaunchScreen.storyboard */; };
		772248A41E7C1033008AB9E9 /* YMZPTests.m in Sources */ = {isa = PBXBuildFile; fileRef = 772248A31E7C1033008AB9E9 /* YMZPTests.m */; };
		772248B01E7C27D9008AB9E9 /* person.m in Sources */ = {isa = PBXBuildFile; fileRef = 772248AF1E7C27D9008AB9E9 /* person.m */; };
/* End PBXBuildFile section */

/* Begin PBXContainerItemProxy section */
		772248A01E7C1033008AB9E9 /* PBXContainerItemProxy */ = {
			isa = PBXContainerItemProxy;
			containerPortal = 7722487B1E7C1033008AB9E9 /* Project object */;
			proxyType = 1;
			remoteGlobalIDString = 772248821E7C1033008AB9E9;
			remoteInfo = YMZP;
		};
/* End PBXContainerItemProxy section */

/* Begin PBXFileReference section */
		772248831E7C1033008AB9E9 /* YMZP.app */ = {isa = PBXFileReference; explicitFileType = wrapper.application; includeInIndex = 0; path = YMZP.app; sourceTree = BUILT_PRODUCTS_DIR; };
		772248871E7C1033008AB9E9 /* main.m */ = {isa = PBXFileReference; lastKnownFileType = sourcecode.c.objc; path = main.m; sourceTree = "<group>"; };
		772248891E7C1033008AB9E9 /* AppDelegate.h */ = {isa = PBXFileReference; lastKnownFileType = sourcecode.c.h; path = AppDelegate.h; sourceTree = "<group>"; };
		7722488A1E7C1033008AB9E9 /* AppDelegate.m */ = {isa = PBXFileReference; lastKnownFileType = sourcecode.c.objc; path = AppDelegate.m; sourceTree = "<group>"; };
		7722488C1E7C1033008AB9E9 /* ViewController.h */ = {isa = PBXFileReference; lastKnownFileType = sourcecode.c.h; path = ViewController.h; sourceTree = "<group>"; };
		7722488D1E7C1033008AB9E9 /* ViewController.m */ = {isa = PBXFileReference; lastKnownFileType = sourcecode.c.objc; path = ViewController.m; sourceTree = "<group>"; };
		772248901E7C1033008AB9E9 /* Base */ = {isa = PBXFileReference; lastKnownFileType = file.storyboard; name = Base; path = Base.lproj/Main.storyboard; sourceTree = "<group>"; };
		772248931E7C1033008AB9E9 /* YMZP.xcdatamodel */ = {isa = PBXFileReference; lastKnownFileType = wrapper.xcdatamodel; path = YMZP.xcdatamodel; sourceTree = "<group>"; };
		772248951E7C1033008AB9E9 /* Assets.xcassets */ = {isa = PBXFileReference; lastKnownFileType = folder.assetcatalog; path = Assets.xcassets; sourceTree = "<group>"; };
		772248981E7C1033008AB9E9 /* Base */ = {isa = PBXFileReference; lastKnownFileType = file.storyboard; name = Base; path = Base.lproj/LaunchScreen.storyboard; sourceTree = "<group>"; };
		7722489A1E7C1033008AB9E9 /* Info.plist */ = {isa = PBXFileReference; lastKnownFileType = text.plist.xml; path = Info.plist; sourceTree = "<group>"; };
		7722489F1E7C1033008AB9E9 /* YMZPTests.xctest */ = {isa = PBXFileReference; explicitFileType = wrapper.cfbundle; includeInIndex = 0; path = YMZPTests.xctest; sourceTree = BUILT_PRODUCTS_DIR; };
		772248A31E7C1033008AB9E9 /* YMZPTests.m */ = {isa = PBXFileReference; lastKnownFileType = sourcecode.c.objc; path = YMZPTests.m; sourceTree = "<group>"; };
		772248A51E7C1033008AB9E9 /* Info.plist */ = {isa = PBXFileReference; lastKnownFileType = text.plist.xml; path = Info.plist; sourceTree = "<group>"; };
		772248AE1E7C27D9008AB9E9 /* person.h */ = {isa = PBXFileReference; fileEncoding = 4; lastKnownFileType = sourcecode.c.h; path = person.h; sourceTree = "<group>"; };
		772248AF1E7C27D9008AB9E9 /* person.m */ = {isa = PBXFileReference; fileEncoding = 4; lastKnownFileType = sourcecode.c.objc; path = person.m; sourceTree = "<group>"; };
/* End PBXFileReference section */

/* Begin PBXFrameworksBuildPhase section */
		772248801E7C1033008AB9E9 /* Frameworks */ = {
			isa = PBXFrameworksBuildPhase;
			buildActionMask = 2147483647;
			files = (
			);
			runOnlyForDeploymentPostprocessing = 0;
		};
		7722489C1E7C1033008AB9E9 /* Frameworks */ = {
			isa = PBXFrameworksBuildPhase;
			buildActionMask = 2147483647;
			files = (
			);
			runOnlyForDeploymentPostprocessing = 0;
		};
/* End PBXFrameworksBuildPhase section */

/* Begin PBXGroup section */
		7722487A1E7C1033008AB9E9 = {
			isa = PBXGroup;
			children = (
				772248851E7C1033008AB9E9 /* YMZP */,
				772248A21E7C1033008AB9E9 /* YMZPTests */,
				772248841E7C1033008AB9E9 /* Products */,
			);
			sourceTree = "<group>";
		};
		772248841E7C1033008AB9E9 /* Products */ = {
			isa = PBXGroup;
			children = (
				772248831E7C1033008AB9E9 /* YMZP.app */,
				7722489F1E7C1033008AB9E9 /* YMZPTests.xctest */,
			);
			name = Products;
			sourceTree = "<group>";
		};
		772248851E7C1033008AB9E9 /* YMZP */ = {
			isa = PBXGroup;
			children = (
				772248891E7C1033008AB9E9 /* AppDelegate.h */,
				7722488A1E7C1033008AB9E9 /* AppDelegate.m */,
				7722488C1E7C1033008AB9E9 /* ViewController.h */,
				7722488D1E7C1033008AB9E9 /* ViewController.m */,
				772248AE1E7C27D9008AB9E9 /* person.h */,
				772248AF1E7C27D9008AB9E9 /* person.m */,
				7722488F1E7C1033008AB9E9 /* Main.storyboard */,
				772248951E7C1033008AB9E9 /* Assets.xcassets */,
				772248971E7C1033008AB9E9 /* LaunchScreen.storyboard */,
				7722489A1E7C1033008AB9E9 /* Info.plist */,
				772248921E7C1033008AB9E9 /* YMZP.xcdatamodeld */,
				772248861E7C1033008AB9E9 /* Supporting Files */,
			);
			path = YMZP;
			sourceTree = "<group>";
		};
		772248861E7C1033008AB9E9 /* Supporting Files */ = {
			isa = PBXGroup;
			children = (
				772248871E7C1033008AB9E9 /* main.m */,
			);
			name = "Supporting Files";
			sourceTree = "<group>";
		};
		772248A21E7C1033008AB9E9 /* YMZPTests */ = {
			isa = PBXGroup;
			children = (
				772248A31E7C1033008AB9E9 /* YMZPTests.m */,
				772248A51E7C1033008AB9E9 /* Info.plist */,
			);
			path = YMZPTests;
			sourceTree = "<group>";
		};
/* End PBXGroup section */

/* Begin PBXNativeTarget section */
		772248821E7C1033008AB9E9 /* YMZP */ = {
			isa = PBXNativeTarget;
			buildConfigurationList = 772248A81E7C1033008AB9E9 /* Build configuration list for PBXNativeTarget "YMZP" */;
			buildPhases = (
				7722487F1E7C1033008AB9E9 /* Sources */,
				772248801E7C1033008AB9E9 /* Frameworks */,
				772248811E7C1033008AB9E9 /* Resources */,
			);
			buildRules = (
			);
			dependencies = (
			);
			name = YMZP;
			productName = YMZP;
			productReference = 772248831E7C1033008AB9E9 /* YMZP.app */;
			productType = "com.apple.product-type.application";
		};
		7722489E1E7C1033008AB9E9 /* YMZPTests */ = {
			isa = PBXNativeTarget;
			buildConfigurationList = 772248AB1E7C1033008AB9E9 /* Build configuration list for PBXNativeTarget "YMZPTests" */;
			buildPhases = (
				7722489B1E7C1033008AB9E9 /* Sources */,
				7722489C1E7C1033008AB9E9 /* Frameworks */,
				7722489D1E7C1033008AB9E9 /* Resources */,
			);
			buildRules = (
			);
			dependencies = (
				772248A11E7C1033008AB9E9 /* PBXTargetDependency */,
			);
			name = YMZPTests;
			productName = YMZPTests;
			productReference = 7722489F1E7C1033008AB9E9 /* YMZPTests.xctest */;
			productType = "com.apple.product-type.bundle.unit-test";
		};
/* End PBXNativeTarget section */

/* Begin PBXProject section */
		7722487B1E7C1033008AB9E9 /* Project object */ = {
			isa = PBXProject;
			attributes = {
				LastUpgradeCheck = 0820;
				ORGANIZATIONNAME = zhangbin;
				TargetAttributes = {
					772248821E7C1033008AB9E9 = {
						CreatedOnToolsVersion = 8.2;
						ProvisioningStyle = Automatic;
					};
					7722489E1E7C1033008AB9E9 = {
						CreatedOnToolsVersion = 8.2;
						ProvisioningStyle = Automatic;
						TestTargetID = 772248821E7C1033008AB9E9;
					};
				};
			};
			buildConfigurationList = 7722487E1E7C1033008AB9E9 /* Build configuration list for PBXProject "YMZP" */;
			compatibilityVersion = "Xcode 3.2";
			developmentRegion = English;
			hasScannedForEncodings = 0;
			knownRegions = (
				en,
				Base,
			);
			mainGroup = 7722487A1E7C1033008AB9E9;
			productRefGroup = 772248841E7C1033008AB9E9 /* Products */;
			projectDirPath = "";
			projectRoot = "";
			targets = (
				772248821E7C1033008AB9E9 /* YMZP */,
				7722489E1E7C1033008AB9E9 /* YMZPTests */,
			);
		};
/* End PBXProject section */

/* Begin PBXResourcesBuildPhase section */
		772248811E7C1033008AB9E9 /* Resources */ = {
			isa = PBXResourcesBuildPhase;
			buildActionMask = 2147483647;
			files = (
				772248991E7C1033008AB9E9 /* LaunchScreen.storyboard in Resources */,
				772248961E7C1033008AB9E9 /* Assets.xcassets in Resources */,
				772248911E7C1033008AB9E9 /* Main.storyboard in Resources */,
			);
			runOnlyForDeploymentPostprocessing = 0;
		};
		7722489D1E7C1033008AB9E9 /* Resources */ = {
			isa = PBXResourcesBuildPhase;
			buildActionMask = 2147483647;
			files = (
			);
			runOnlyForDeploymentPostprocessing = 0;
		};
/* End PBXResourcesBuildPhase section */

/* Begin PBXSourcesBuildPhase section */
		7722487F1E7C1033008AB9E9 /* Sources */ = {
			isa = PBXSourcesBuildPhase;
			buildActionMask = 2147483647;
			files = (
				7722488E1E7C1033008AB9E9 /* ViewController.m in Sources */,
				772248B01E7C27D9008AB9E9 /* person.m in Sources */,
				772248941E7C1033008AB9E9 /* YMZP.xcdatamodeld in Sources */,
				7722488B1E7C1033008AB9E9 /* AppDelegate.m in Sources */,
				772248881E7C1033008AB9E9 /* main.m in Sources */,
			);
			runOnlyForDeploymentPostprocessing = 0;
		};
		7722489B1E7C1033008AB9E9 /* Sources */ = {
			isa = PBXSourcesBuildPhase;
			buildActionMask = 2147483647;
			files = (
				772248A41E7C1033008AB9E9 /* YMZPTests.m in Sources */,
			);
			runOnlyForDeploymentPostprocessing = 0;
		};
/* End PBXSourcesBuildPhase section */

/* Begin PBXTargetDependency section */
		772248A11E7C1033008AB9E9 /* PBXTargetDependency */ = {
			isa = PBXTargetDependency;
			target = 772248821E7C1033008AB9E9 /* YMZP */;
			targetProxy = 772248A01E7C1033008AB9E9 /* PBXContainerItemProxy */;
		};
/* End PBXTargetDependency section */

/* Begin PBXVariantGroup section */
		7722488F1E7C1033008AB9E9 /* Main.storyboard */ = {
			isa = PBXVariantGroup;
			children = (
				772248901E7C1033008AB9E9 /* Base */,
			);
			name = Main.storyboard;
			sourceTree = "<group>";
		};
		772248971E7C1033008AB9E9 /* LaunchScreen.storyboard */ = {
			isa = PBXVariantGroup;
			children = (
				772248981E7C1033008AB9E9 /* Base */,
			);
			name = LaunchScreen.storyboard;
			sourceTree = "<group>";
		};
/* End PBXVariantGroup section */

/* Begin XCBuildConfiguration section */
		772248A61E7C1033008AB9E9 /* Debug */ = {
			isa = XCBuildConfiguration;
			buildSettings = {
				ALWAYS_SEARCH_USER_PATHS = NO;
				CLANG_ANALYZER_NONNULL = YES;
				CLANG_CXX_LANGUAGE_STANDARD = "gnu++0x";
				CLANG_CXX_LIBRARY = "libc++";
				CLANG_ENABLE_MODULES = YES;
				CLANG_ENABLE_OBJC_ARC = YES;
				CLANG_WARN_BOOL_CONVERSION = YES;
				CLANG_WARN_CONSTANT_CONVERSION = YES;
				CLANG_WARN_DIRECT_OBJC_ISA_USAGE = YES_ERROR;
				CLANG_WARN_DOCUMENTATION_COMMENTS = YES;
				CLANG_WARN_EMPTY_BODY = YES;
				CLANG_WARN_ENUM_CONVERSION = YES;
				CLANG_WARN_INFINITE_RECURSION = YES;
				CLANG_WARN_INT_CONVERSION = YES;
				CLANG_WARN_OBJC_ROOT_CLASS = YES_ERROR;
				CLANG_WARN_SUSPICIOUS_MOVE = YES;
				CLANG_WARN_UNREACHABLE_CODE = YES;
				CLANG_WARN__DUPLICATE_METHOD_MATCH = YES;
				"CODE_SIGN_IDENTITY[sdk=iphoneos*]" = "iPhone Developer";
				COPY_PHASE_STRIP = NO;
				DEBUG_INFORMATION_FORMAT = dwarf;
				ENABLE_STRICT_OBJC_MSGSEND = YES;
				ENABLE_TESTABILITY = YES;
				GCC_C_LANGUAGE_STANDARD = gnu99;
				GCC_DYNAMIC_NO_PIC = NO;
				GCC_NO_COMMON_BLOCKS = YES;
				GCC_OPTIMIZATION_LEVEL = 0;
				GCC_PREPROCESSOR_DEFINITIONS = (
					"DEBUG=1",
					"$(inherited)",
				);
				GCC_WARN_64_TO_32_BIT_CONVERSION = YES;
				GCC_WARN_ABOUT_RETURN_TYPE = YES_ERROR;
				GCC_WARN_UNDECLARED_SELECTOR = YES;
				GCC_WARN_UNINITIALIZED_AUTOS = YES_AGGRESSIVE;
				GCC_WARN_UNUSED_FUNCTION = YES;
				GCC_WARN_UNUSED_VARIABLE = YES;
				IPHONEOS_DEPLOYMENT_TARGET = 10.2;
				MTL_ENABLE_DEBUG_INFO = YES;
				ONLY_ACTIVE_ARCH = YES;
				SDKROOT = iphoneos;
			};
			name = Debug;
		};
		772248A71E7C1033008AB9E9 /* Release */ = {
			isa = XCBuildConfiguration;
			buildSettings = {
				ALWAYS_SEARCH_USER_PATHS = NO;
				CLANG_ANALYZER_NONNULL = YES;
				CLANG_CXX_LANGUAGE_STANDARD = "gnu++0x";
				CLANG_CXX_LIBRARY = "libc++";
				CLANG_ENABLE_MODULES = YES;
				CLANG_ENABLE_OBJC_ARC = YES;
				CLANG_WARN_BOOL_CONVERSION = YES;
				CLANG_WARN_CONSTANT_CONVERSION = YES;
				CLANG_WARN_DIRECT_OBJC_ISA_USAGE = YES_ERROR;
				CLANG_WARN_DOCUMENTATION_COMMENTS = YES;
				CLANG_WARN_EMPTY_BODY = YES;
				CLANG_WARN_ENUM_CONVERSION = YES;
				CLANG_WARN_INFINITE_RECURSION = YES;
				CLANG_WARN_INT_CONVERSION = YES;
				CLANG_WARN_OBJC_ROOT_CLASS = YES_ERROR;
				CLANG_WARN_SUSPICIOUS_MOVE = YES;
				CLANG_WARN_UNREACHABLE_CODE = YES;
				CLANG_WARN__DUPLICATE_METHOD_MATCH = YES;
				"CODE_SIGN_IDENTITY[sdk=iphoneos*]" = "iPhone Developer";
				COPY_PHASE_STRIP = NO;
				DEBUG_INFORMATION_FORMAT = "dwarf-with-dsym";
				ENABLE_NS_ASSERTIONS = NO;
				ENABLE_STRICT_OBJC_MSGSEND = YES;
				GCC_C_LANGUAGE_STANDARD = gnu99;
				GCC_NO_COMMON_BLOCKS = YES;
				GCC_WARN_64_TO_32_BIT_CONVERSION = YES;
				GCC_WARN_ABOUT_RETURN_TYPE = YES_ERROR;
				GCC_WARN_UNDECLARED_SELECTOR = YES;
				GCC_WARN_UNINITIALIZED_AUTOS = YES_AGGRESSIVE;
				GCC_WARN_UNUSED_FUNCTION = YES;
				GCC_WARN_UNUSED_VARIABLE = YES;
				IPHONEOS_DEPLOYMENT_TARGET = 10.2;
				MTL_ENABLE_DEBUG_INFO = NO;
				SDKROOT = iphoneos;
				VALIDATE_PRODUCT = YES;
			};
			name = Release;
		};
		772248A91E7C1033008AB9E9 /* Debug */ = {
			isa = XCBuildConfiguration;
			buildSettings = {
				ASSETCATALOG_COMPILER_APPICON_NAME = AppIcon;
				INFOPLIST_FILE = YMZP/Info.plist;
				LD_RUNPATH_SEARCH_PATHS = "$(inherited) @executable_path/Frameworks";
				PRODUCT_BUNDLE_IDENTIFIER = zhangbin.YMZP;
				PRODUCT_NAME = "$(TARGET_NAME)";
			};
			name = Debug;
		};
		772248AA1E7C1033008AB9E9 /* Release */ = {
			isa = XCBuildConfiguration;
			buildSettings = {
				ASSETCATALOG_COMPILER_APPICON_NAME = AppIcon;
				INFOPLIST_FILE = YMZP/Info.plist;
				LD_RUNPATH_SEARCH_PATHS = "$(inherited) @executable_path/Frameworks";
				PRODUCT_BUNDLE_IDENTIFIER = zhangbin.YMZP;
				PRODUCT_NAME = "$(TARGET_NAME)";
			};
			name = Release;
		};
		772248AC1E7C1033008AB9E9 /* Debug */ = {
			isa = XCBuildConfiguration;
			buildSettings = {
				BUNDLE_LOADER = "$(TEST_HOST)";
				INFOPLIST_FILE = YMZPTests/Info.plist;
				LD_RUNPATH_SEARCH_PATHS = "$(inherited) @executable_path/Frameworks @loader_path/Frameworks";
				PRODUCT_BUNDLE_IDENTIFIER = zhangbin.YMZPTests;
				PRODUCT_NAME = "$(TARGET_NAME)";
				TEST_HOST = "$(BUILT_PRODUCTS_DIR)/YMZP.app/YMZP";
			};
			name = Debug;
		};
		772248AD1E7C1033008AB9E9 /* Release */ = {
			isa = XCBuildConfiguration;
			buildSettings = {
				BUNDLE_LOADER = "$(TEST_HOST)";
				INFOPLIST_FILE = YMZPTests/Info.plist;
				LD_RUNPATH_SEARCH_PATHS = "$(inherited) @executable_path/Frameworks @loader_path/Frameworks";
				PRODUCT_BUNDLE_IDENTIFIER = zhangbin.YMZPTests;
				PRODUCT_NAME = "$(TARGET_NAME)";
				TEST_HOST = "$(BUILT_PRODUCTS_DIR)/YMZP.app/YMZP";
			};
			name = Release;
		};
/* End XCBuildConfiguration section */

/* Begin XCConfigurationList section */
		7722487E1E7C1033008AB9E9 /* Build configuration list for PBXProject "YMZP" */ = {
			isa = XCConfigurationList;
			buildConfigurations = (
				772248A61E7C1033008AB9E9 /* Debug */,
				772248A71E7C1033008AB9E9 /* Release */,
			);
			defaultConfigurationIsVisible = 0;
			defaultConfigurationName = Release;
		};
		772248A81E7C1033008AB9E9 /* Build configuration list for PBXNativeTarget "YMZP" */ = {
			isa = XCConfigurationList;
			buildConfigurations = (
				772248A91E7C1033008AB9E9 /* Debug */,
				772248AA1E7C1033008AB9E9 /* Release */,
			);
			defaultConfigurationIsVisible = 0;
			defaultConfigurationName = Release;
		};
		772248AB1E7C1033008AB9E9 /* Build configuration list for PBXNativeTarget "YMZPTests" */ = {
			isa = XCConfigurationList;
			buildConfigurations = (
				772248AC1E7C1033008AB9E9 /* Debug */,
				772248AD1E7C1033008AB9E9 /* Release */,
			);
			defaultConfigurationIsVisible = 0;
			defaultConfigurationName = Release;
		};
/* End XCConfigurationList section */

/* Begin XCVersionGroup section */
		772248921E7C1033008AB9E9 /* YMZP.xcdatamodeld */ = {
			isa = XCVersionGroup;
			children = (
				772248931E7C1033008AB9E9 /* YMZP.xcdatamodel */,
			);
			currentVersion = 772248931E7C1033008AB9E9 /* YMZP.xcdatamodel */;
			path = YMZP.xcdatamodeld;
			sourceTree = "<group>";
			versionGroupType = wrapper.xcdatamodel;
		};
/* End XCVersionGroup section */
	};
	rootObject = 7722487B1E7C1033008AB9E9 /* Project object */;
}
